
Microsoft Visual Studio Solution File, Format Version 10.00
# Visual Studio 2008
Project("{FAE04EC0-301F-11D3-BF4B-00C04F79EFBC}") = "BarcodeLib", "BarcodeLib\BarcodeLib.csproj", "{54E6787C-32B4-40EF-9FBD-21B63727C379}"
EndProject
Project("{FAE04EC0-301F-11D3-BF4B-00C04F79EFBC}") = "BarcodeLibTest", "BarcodeLibTest\BarcodeLibTest.csproj", "{282E00EB-5F5D-43F4-ADA9-C6053F547032}"
EndProject
Global
	GlobalSection(SolutionConfigurationPlatforms) = preSolution
		Debug|Any CPU = Debug|Any CPU
		Release|Any CPU = Release|Any CPU
	EndGlobalSection
	GlobalSection(ProjectConfigurationPlatforms) = postSolution
		{54E6787C-32B4-40EF-9FBD-21B63727C379}.Debug|Any CPU.ActiveCfg = Debug|Any CPU
		{54E6787C-32B4-40EF-9FBD-21B63727C379}.Debug|Any CPU.Build.0 = Debug|Any CPU
		{54E6787C-32B4-40EF-9FBD-21B63727C379}.Release|Any CPU.ActiveCfg = Release|Any CPU
		{54E6787C-32B4-40EF-9FBD-21B63727C379}.Release|Any CPU.Build.0 = Release|Any CPU
		{282E00EB-5F5D-43F4-ADA9-C6053F547032}.Debug|Any CPU.ActiveCfg = Debug|Any CPU
		{282E00EB-5F5D-43F4-ADA9-C6053F547032}.Debug|Any CPU.Build.0 = Debug|Any CPU
		{282E00EB-5F5D-43F4-ADA9-C6053F547032}.Release|Any CPU.ActiveCfg = Release|Any CPU
		{282E00EB-5F5D-43F4-ADA9-C6053F547032}.Release|Any CPU.Build.0 = Release|Any CPU
	EndGlobalSection
	GlobalSection(SolutionProperties) = preSolution
		HideSolutionNode = FALSE
	EndGlobalSection
EndGlobal
